
Microsoft Visual Studio Solution File, Format Version 12.00
# Visual Studio Version 17
VisualStudioVersion = 17.7.34031.279
MinimumVisualStudioVersion = 10.0.40219.1
Project("{FAE04EC0-301F-11D3-BF4B-00C04F79EFBC}") = "tasche", "tasche.csproj", "{7C940C92-CEC6-48F4-A1A5-B118F3CF6631}"
EndProject
Global
	GlobalSection(SolutionConfigurationPlatforms) = preSolution
		Debug|Any CPU = Debug|Any CPU
		Release|Any CPU = Release|Any CPU
	EndGlobalSection
	GlobalSection(ProjectConfigurationPlatforms) = postSolution
		{7C940C92-CEC6-48F4-A1A5-B118F3CF6631}.Debug|Any CPU.ActiveCfg = Debug|Any CPU
		{7C940C92-CEC6-48F4-A1A5-B118F3CF6631}.Debug|Any CPU.Build.0 = Debug|Any CPU
		{7C940C92-CEC6-48F4-A1A5-B118F3CF6631}.Release|Any CPU.ActiveCfg = Release|Any CPU
		{7C940C92-CEC6-48F4-A1A5-B118F3CF6631}.Release|Any CPU.Build.0 = Release|Any CPU
	EndGlobalSection
	GlobalSection(SolutionProperties) = preSolution
		HideSolutionNode = FALSE
	EndGlobalSection
	GlobalSection(ExtensibilityGlobals) = postSolution
		SolutionGuid = {0DE07B46-CE3C-4129-8F45-BB353C18C39E}
	EndGlobalSection
EndGlobal
